
Microsoft Visual Studio Solution File, Format Version 12.00
# Visual Studio Version 16
VisualStudioVersion = 16.0.28729.10
MinimumVisualStudioVersion = 10.0.40219.1
Project("{FAE04EC0-301F-11D3-BF4B-00C04F79EFBC}") = "AirlineBackend2", "AirlineBackend2\AirlineBackend2.csproj", "{97425B95-DF4F-4D5C-8B0B-A2FBC2AEF29C}"
EndProject
Global
	GlobalSection(SolutionConfigurationPlatforms) = preSolution
		Debug|Any CPU = Debug|Any CPU
		Release|Any CPU = Release|Any CPU
	EndGlobalSection
	GlobalSection(ProjectConfigurationPlatforms) = postSolution
		{97425B95-DF4F-4D5C-8B0B-A2FBC2AEF29C}.Debug|Any CPU.ActiveCfg = Debug|Any CPU
		{97425B95-DF4F-4D5C-8B0B-A2FBC2AEF29C}.Debug|Any CPU.Build.0 = Debug|Any CPU
		{97425B95-DF4F-4D5C-8B0B-A2FBC2AEF29C}.Release|Any CPU.ActiveCfg = Release|Any CPU
		{97425B95-DF4F-4D5C-8B0B-A2FBC2AEF29C}.Release|Any CPU.Build.0 = Release|Any CPU
	EndGlobalSection
	GlobalSection(SolutionProperties) = preSolution
		HideSolutionNode = FALSE
	EndGlobalSection
	GlobalSection(ExtensibilityGlobals) = postSolution
		SolutionGuid = {85F06A6A-F9A7-4C15-8855-D610BC188B0F}
	EndGlobalSection
EndGlobal
